
Microsoft Visual Studio Solution File, Format Version 12.00
# Visual Studio 15
VisualStudioVersion = 15.0.28307.1082
MinimumVisualStudioVersion = 10.0.40219.1
Project("{FAE04EC0-301F-11D3-BF4B-00C04F79EFBC}") = "MyFristWebApplication", "MyFristWebApplication\MyFristWebApplication.csproj", "{C1386253-454F-41CA-8AAA-54C0E71FBB26}"
EndProject
Global
	GlobalSection(SolutionConfigurationPlatforms) = preSolution
		Debug|Any CPU = Debug|Any CPU
		Release|Any CPU = Release|Any CPU
	EndGlobalSection
	GlobalSection(ProjectConfigurationPlatforms) = postSolution
		{C1386253-454F-41CA-8AAA-54C0E71FBB26}.Debug|Any CPU.ActiveCfg = Debug|Any CPU
		{C1386253-454F-41CA-8AAA-54C0E71FBB26}.Debug|Any CPU.Build.0 = Debug|Any CPU
		{C1386253-454F-41CA-8AAA-54C0E71FBB26}.Release|Any CPU.ActiveCfg = Release|Any CPU
		{C1386253-454F-41CA-8AAA-54C0E71FBB26}.Release|Any CPU.Build.0 = Release|Any CPU
	EndGlobalSection
	GlobalSection(SolutionProperties) = preSolution
		HideSolutionNode = FALSE
	EndGlobalSection
	GlobalSection(ExtensibilityGlobals) = postSolution
		SolutionGuid = {E00492FB-2222-4F07-8080-3E53BA1837AD}
	EndGlobalSection
EndGlobal
