
Microsoft Visual Studio Solution File, Format Version 12.00
# Visual Studio 15
VisualStudioVersion = 15.0.28307.960
MinimumVisualStudioVersion = 10.0.40219.1
Project("{FAE04EC0-301F-11D3-BF4B-00C04F79EFBC}") = "TestScoreDemo", "TestScoreDemo\TestScoreDemo.csproj", "{9467571D-387C-47D5-BFAD-9E926422E4B3}"
EndProject
Global
	GlobalSection(SolutionConfigurationPlatforms) = preSolution
		Debug|Any CPU = Debug|Any CPU
		Release|Any CPU = Release|Any CPU
	EndGlobalSection
	GlobalSection(ProjectConfigurationPlatforms) = postSolution
		{9467571D-387C-47D5-BFAD-9E926422E4B3}.Debug|Any CPU.ActiveCfg = Debug|Any CPU
		{9467571D-387C-47D5-BFAD-9E926422E4B3}.Debug|Any CPU.Build.0 = Debug|Any CPU
		{9467571D-387C-47D5-BFAD-9E926422E4B3}.Release|Any CPU.ActiveCfg = Release|Any CPU
		{9467571D-387C-47D5-BFAD-9E926422E4B3}.Release|Any CPU.Build.0 = Release|Any CPU
	EndGlobalSection
	GlobalSection(SolutionProperties) = preSolution
		HideSolutionNode = FALSE
	EndGlobalSection
	GlobalSection(ExtensibilityGlobals) = postSolution
		SolutionGuid = {C9F9C034-3288-4731-8617-5D29D09FD898}
	EndGlobalSection
EndGlobal
