
Microsoft Visual Studio Solution File, Format Version 12.00
# Visual Studio 15
VisualStudioVersion = 15.0.28307.960
MinimumVisualStudioVersion = 10.0.40219.1
Project("{FAE04EC0-301F-11D3-BF4B-00C04F79EFBC}") = "RadioButtonPraactice", "RadioButtonPraactice.csproj", "{7887122B-F246-45E3-8CB7-506AA11579A5}"
EndProject
Global
	GlobalSection(SolutionConfigurationPlatforms) = preSolution
		Debug|Any CPU = Debug|Any CPU
		Release|Any CPU = Release|Any CPU
	EndGlobalSection
	GlobalSection(ProjectConfigurationPlatforms) = postSolution
		{7887122B-F246-45E3-8CB7-506AA11579A5}.Debug|Any CPU.ActiveCfg = Debug|Any CPU
		{7887122B-F246-45E3-8CB7-506AA11579A5}.Debug|Any CPU.Build.0 = Debug|Any CPU
		{7887122B-F246-45E3-8CB7-506AA11579A5}.Release|Any CPU.ActiveCfg = Release|Any CPU
		{7887122B-F246-45E3-8CB7-506AA11579A5}.Release|Any CPU.Build.0 = Release|Any CPU
	EndGlobalSection
	GlobalSection(SolutionProperties) = preSolution
		HideSolutionNode = FALSE
	EndGlobalSection
	GlobalSection(ExtensibilityGlobals) = postSolution
		SolutionGuid = {835367DB-9583-4665-B747-86AC1FB88342}
	EndGlobalSection
EndGlobal
