
Microsoft Visual Studio Solution File, Format Version 12.00
# Visual Studio 15
VisualStudioVersion = 15.0.28307.960
MinimumVisualStudioVersion = 10.0.40219.1
Project("{FAE04EC0-301F-11D3-BF4B-00C04F79EFBC}") = "PictureBox Demo-1", "PictureBox Demo-1.csproj", "{33AB01DD-808E-4C6C-8681-7DA0A6C9FCAC}"
EndProject
Global
	GlobalSection(SolutionConfigurationPlatforms) = preSolution
		Debug|Any CPU = Debug|Any CPU
		Release|Any CPU = Release|Any CPU
	EndGlobalSection
	GlobalSection(ProjectConfigurationPlatforms) = postSolution
		{33AB01DD-808E-4C6C-8681-7DA0A6C9FCAC}.Debug|Any CPU.ActiveCfg = Debug|Any CPU
		{33AB01DD-808E-4C6C-8681-7DA0A6C9FCAC}.Debug|Any CPU.Build.0 = Debug|Any CPU
		{33AB01DD-808E-4C6C-8681-7DA0A6C9FCAC}.Release|Any CPU.ActiveCfg = Release|Any CPU
		{33AB01DD-808E-4C6C-8681-7DA0A6C9FCAC}.Release|Any CPU.Build.0 = Release|Any CPU
	EndGlobalSection
	GlobalSection(SolutionProperties) = preSolution
		HideSolutionNode = FALSE
	EndGlobalSection
	GlobalSection(ExtensibilityGlobals) = postSolution
		SolutionGuid = {4279B9B5-1097-4E05-9F4D-5E8DFAA9D942}
	EndGlobalSection
EndGlobal
