
Microsoft Visual Studio Solution File, Format Version 12.00
# Visual Studio 15
VisualStudioVersion = 15.0.28307.960
MinimumVisualStudioVersion = 10.0.40219.1
Project("{FAE04EC0-301F-11D3-BF4B-00C04F79EFBC}") = "StringDemo", "StringDemo.csproj", "{7405933C-EF41-41B7-911C-AB10F7E731D2}"
EndProject
Global
	GlobalSection(SolutionConfigurationPlatforms) = preSolution
		Debug|Any CPU = Debug|Any CPU
		Release|Any CPU = Release|Any CPU
	EndGlobalSection
	GlobalSection(ProjectConfigurationPlatforms) = postSolution
		{7405933C-EF41-41B7-911C-AB10F7E731D2}.Debug|Any CPU.ActiveCfg = Debug|Any CPU
		{7405933C-EF41-41B7-911C-AB10F7E731D2}.Debug|Any CPU.Build.0 = Debug|Any CPU
		{7405933C-EF41-41B7-911C-AB10F7E731D2}.Release|Any CPU.ActiveCfg = Release|Any CPU
		{7405933C-EF41-41B7-911C-AB10F7E731D2}.Release|Any CPU.Build.0 = Release|Any CPU
	EndGlobalSection
	GlobalSection(SolutionProperties) = preSolution
		HideSolutionNode = FALSE
	EndGlobalSection
	GlobalSection(ExtensibilityGlobals) = postSolution
		SolutionGuid = {87C72303-5692-4A46-AA88-01191C53AA1D}
	EndGlobalSection
EndGlobal
