
Microsoft Visual Studio Solution File, Format Version 12.00
# Visual Studio 15
VisualStudioVersion = 15.0.28307.1062
MinimumVisualStudioVersion = 10.0.40219.1
Project("{FAE04EC0-301F-11D3-BF4B-00C04F79EFBC}") = "HikmatQ2", "HikmatQ2.csproj", "{19BF0D15-737C-4756-B65B-CA1BB5A280C5}"
EndProject
Global
	GlobalSection(SolutionConfigurationPlatforms) = preSolution
		Debug|Any CPU = Debug|Any CPU
		Release|Any CPU = Release|Any CPU
	EndGlobalSection
	GlobalSection(ProjectConfigurationPlatforms) = postSolution
		{19BF0D15-737C-4756-B65B-CA1BB5A280C5}.Debug|Any CPU.ActiveCfg = Debug|Any CPU
		{19BF0D15-737C-4756-B65B-CA1BB5A280C5}.Debug|Any CPU.Build.0 = Debug|Any CPU
		{19BF0D15-737C-4756-B65B-CA1BB5A280C5}.Release|Any CPU.ActiveCfg = Release|Any CPU
		{19BF0D15-737C-4756-B65B-CA1BB5A280C5}.Release|Any CPU.Build.0 = Release|Any CPU
	EndGlobalSection
	GlobalSection(SolutionProperties) = preSolution
		HideSolutionNode = FALSE
	EndGlobalSection
	GlobalSection(ExtensibilityGlobals) = postSolution
		SolutionGuid = {E3E0730C-0CE8-4CB4-8466-053C7C859436}
	EndGlobalSection
EndGlobal
