
Microsoft Visual Studio Solution File, Format Version 12.00
# Visual Studio 15
VisualStudioVersion = 15.0.28307.960
MinimumVisualStudioVersion = 10.0.40219.1
Project("{FAE04EC0-301F-11D3-BF4B-00C04F79EFBC}") = "GuessingGame", "GuessingGame.csproj", "{121AE0F4-E684-41F5-9064-9804AAE88305}"
EndProject
Global
	GlobalSection(SolutionConfigurationPlatforms) = preSolution
		Debug|Any CPU = Debug|Any CPU
		Release|Any CPU = Release|Any CPU
	EndGlobalSection
	GlobalSection(ProjectConfigurationPlatforms) = postSolution
		{121AE0F4-E684-41F5-9064-9804AAE88305}.Debug|Any CPU.ActiveCfg = Debug|Any CPU
		{121AE0F4-E684-41F5-9064-9804AAE88305}.Debug|Any CPU.Build.0 = Debug|Any CPU
		{121AE0F4-E684-41F5-9064-9804AAE88305}.Release|Any CPU.ActiveCfg = Release|Any CPU
		{121AE0F4-E684-41F5-9064-9804AAE88305}.Release|Any CPU.Build.0 = Release|Any CPU
	EndGlobalSection
	GlobalSection(SolutionProperties) = preSolution
		HideSolutionNode = FALSE
	EndGlobalSection
	GlobalSection(ExtensibilityGlobals) = postSolution
		SolutionGuid = {64CF4C5F-7B6F-4311-850B-9DDE56453FC2}
	EndGlobalSection
EndGlobal
