
Microsoft Visual Studio Solution File, Format Version 12.00
# Visual Studio 15
VisualStudioVersion = 15.0.27130.2036
MinimumVisualStudioVersion = 10.0.40219.1
Project("{FAE04EC0-301F-11D3-BF4B-00C04F79EFBC}") = "App1", "App1\App1.csproj", "{590D7532-960A-4718-8472-8735E4C904F0}"
EndProject
Global
	GlobalSection(SolutionConfigurationPlatforms) = preSolution
		Debug|ARM = Debug|ARM
		Debug|x64 = Debug|x64
		Debug|x86 = Debug|x86
		Release|ARM = Release|ARM
		Release|x64 = Release|x64
		Release|x86 = Release|x86
	EndGlobalSection
	GlobalSection(ProjectConfigurationPlatforms) = postSolution
		{590D7532-960A-4718-8472-8735E4C904F0}.Debug|ARM.ActiveCfg = Debug|ARM
		{590D7532-960A-4718-8472-8735E4C904F0}.Debug|ARM.Build.0 = Debug|ARM
		{590D7532-960A-4718-8472-8735E4C904F0}.Debug|ARM.Deploy.0 = Debug|ARM
		{590D7532-960A-4718-8472-8735E4C904F0}.Debug|x64.ActiveCfg = Debug|x64
		{590D7532-960A-4718-8472-8735E4C904F0}.Debug|x64.Build.0 = Debug|x64
		{590D7532-960A-4718-8472-8735E4C904F0}.Debug|x64.Deploy.0 = Debug|x64
		{590D7532-960A-4718-8472-8735E4C904F0}.Debug|x86.ActiveCfg = Debug|x86
		{590D7532-960A-4718-8472-8735E4C904F0}.Debug|x86.Build.0 = Debug|x86
		{590D7532-960A-4718-8472-8735E4C904F0}.Debug|x86.Deploy.0 = Debug|x86
		{590D7532-960A-4718-8472-8735E4C904F0}.Release|ARM.ActiveCfg = Release|ARM
		{590D7532-960A-4718-8472-8735E4C904F0}.Release|ARM.Build.0 = Release|ARM
		{590D7532-960A-4718-8472-8735E4C904F0}.Release|ARM.Deploy.0 = Release|ARM
		{590D7532-960A-4718-8472-8735E4C904F0}.Release|x64.ActiveCfg = Release|x64
		{590D7532-960A-4718-8472-8735E4C904F0}.Release|x64.Build.0 = Release|x64
		{590D7532-960A-4718-8472-8735E4C904F0}.Release|x64.Deploy.0 = Release|x64
		{590D7532-960A-4718-8472-8735E4C904F0}.Release|x86.ActiveCfg = Release|x86
		{590D7532-960A-4718-8472-8735E4C904F0}.Release|x86.Build.0 = Release|x86
		{590D7532-960A-4718-8472-8735E4C904F0}.Release|x86.Deploy.0 = Release|x86
	EndGlobalSection
	GlobalSection(SolutionProperties) = preSolution
		HideSolutionNode = FALSE
	EndGlobalSection
	GlobalSection(ExtensibilityGlobals) = postSolution
		SolutionGuid = {EFB8B95B-C672-4859-85FE-8A16D269ACA9}
	EndGlobalSection
EndGlobal
