
Microsoft Visual Studio Solution File, Format Version 12.00
# Visual Studio 15
VisualStudioVersion = 15.0.28307.960
MinimumVisualStudioVersion = 10.0.40219.1
Project("{FAE04EC0-301F-11D3-BF4B-00C04F79EFBC}") = "Radio Button  Demo", "Radio Button  Demo.csproj", "{BD497C4F-9FCC-45A4-A06E-1B6A97795200}"
EndProject
Global
	GlobalSection(SolutionConfigurationPlatforms) = preSolution
		Debug|Any CPU = Debug|Any CPU
		Release|Any CPU = Release|Any CPU
	EndGlobalSection
	GlobalSection(ProjectConfigurationPlatforms) = postSolution
		{BD497C4F-9FCC-45A4-A06E-1B6A97795200}.Debug|Any CPU.ActiveCfg = Debug|Any CPU
		{BD497C4F-9FCC-45A4-A06E-1B6A97795200}.Debug|Any CPU.Build.0 = Debug|Any CPU
		{BD497C4F-9FCC-45A4-A06E-1B6A97795200}.Release|Any CPU.ActiveCfg = Release|Any CPU
		{BD497C4F-9FCC-45A4-A06E-1B6A97795200}.Release|Any CPU.Build.0 = Release|Any CPU
	EndGlobalSection
	GlobalSection(SolutionProperties) = preSolution
		HideSolutionNode = FALSE
	EndGlobalSection
	GlobalSection(ExtensibilityGlobals) = postSolution
		SolutionGuid = {F749786F-C74E-4AB0-AA8B-B170F7B34648}
	EndGlobalSection
EndGlobal
