
Microsoft Visual Studio Solution File, Format Version 12.00
# Visual Studio 15
VisualStudioVersion = 15.0.28307.960
MinimumVisualStudioVersion = 10.0.40219.1
Project("{FAE04EC0-301F-11D3-BF4B-00C04F79EFBC}") = "BoolenMethedDemo", "BoolenMethedDemo.csproj", "{45D2A2A8-0B09-4A8D-8650-84C092E3981F}"
EndProject
Global
	GlobalSection(SolutionConfigurationPlatforms) = preSolution
		Debug|Any CPU = Debug|Any CPU
		Release|Any CPU = Release|Any CPU
	EndGlobalSection
	GlobalSection(ProjectConfigurationPlatforms) = postSolution
		{45D2A2A8-0B09-4A8D-8650-84C092E3981F}.Debug|Any CPU.ActiveCfg = Debug|Any CPU
		{45D2A2A8-0B09-4A8D-8650-84C092E3981F}.Debug|Any CPU.Build.0 = Debug|Any CPU
		{45D2A2A8-0B09-4A8D-8650-84C092E3981F}.Release|Any CPU.ActiveCfg = Release|Any CPU
		{45D2A2A8-0B09-4A8D-8650-84C092E3981F}.Release|Any CPU.Build.0 = Release|Any CPU
	EndGlobalSection
	GlobalSection(SolutionProperties) = preSolution
		HideSolutionNode = FALSE
	EndGlobalSection
	GlobalSection(ExtensibilityGlobals) = postSolution
		SolutionGuid = {A4012D46-B991-4394-AEA7-83AF3A829FC6}
	EndGlobalSection
EndGlobal
