
Microsoft Visual Studio Solution File, Format Version 12.00
# Visual Studio 15
VisualStudioVersion = 15.0.28307.1062
MinimumVisualStudioVersion = 10.0.40219.1
Project("{FAE04EC0-301F-11D3-BF4B-00C04F79EFBC}") = "PRACTICE1", "PRACTICE1.csproj", "{F1D6B6F8-D842-44D0-8C01-F9554F2CBA8E}"
EndProject
Global
	GlobalSection(SolutionConfigurationPlatforms) = preSolution
		Debug|Any CPU = Debug|Any CPU
		Release|Any CPU = Release|Any CPU
	EndGlobalSection
	GlobalSection(ProjectConfigurationPlatforms) = postSolution
		{F1D6B6F8-D842-44D0-8C01-F9554F2CBA8E}.Debug|Any CPU.ActiveCfg = Debug|Any CPU
		{F1D6B6F8-D842-44D0-8C01-F9554F2CBA8E}.Debug|Any CPU.Build.0 = Debug|Any CPU
		{F1D6B6F8-D842-44D0-8C01-F9554F2CBA8E}.Release|Any CPU.ActiveCfg = Release|Any CPU
		{F1D6B6F8-D842-44D0-8C01-F9554F2CBA8E}.Release|Any CPU.Build.0 = Release|Any CPU
	EndGlobalSection
	GlobalSection(SolutionProperties) = preSolution
		HideSolutionNode = FALSE
	EndGlobalSection
	GlobalSection(ExtensibilityGlobals) = postSolution
		SolutionGuid = {81B70ACC-42F1-460C-885E-6C3D203A2960}
	EndGlobalSection
EndGlobal
