
Microsoft Visual Studio Solution File, Format Version 12.00
# Visual Studio 15
VisualStudioVersion = 15.0.28307.960
MinimumVisualStudioVersion = 10.0.40219.1
Project("{FAE04EC0-301F-11D3-BF4B-00C04F79EFBC}") = "FristConsoleApp", "FristConsoleApp.\FristConsoleApp.csproj", "{0AC4E0BD-074E-46AA-81B1-951A52C47DCA}"
EndProject
Global
	GlobalSection(SolutionConfigurationPlatforms) = preSolution
		Debug|Any CPU = Debug|Any CPU
		Release|Any CPU = Release|Any CPU
	EndGlobalSection
	GlobalSection(ProjectConfigurationPlatforms) = postSolution
		{0AC4E0BD-074E-46AA-81B1-951A52C47DCA}.Debug|Any CPU.ActiveCfg = Debug|Any CPU
		{0AC4E0BD-074E-46AA-81B1-951A52C47DCA}.Debug|Any CPU.Build.0 = Debug|Any CPU
		{0AC4E0BD-074E-46AA-81B1-951A52C47DCA}.Release|Any CPU.ActiveCfg = Release|Any CPU
		{0AC4E0BD-074E-46AA-81B1-951A52C47DCA}.Release|Any CPU.Build.0 = Release|Any CPU
	EndGlobalSection
	GlobalSection(SolutionProperties) = preSolution
		HideSolutionNode = FALSE
	EndGlobalSection
	GlobalSection(ExtensibilityGlobals) = postSolution
		SolutionGuid = {F563487C-166F-4C38-BDFC-88FCD8A82DE9}
	EndGlobalSection
EndGlobal
