
Microsoft Visual Studio Solution File, Format Version 12.00
# Visual Studio 15
VisualStudioVersion = 15.0.28307.960
MinimumVisualStudioVersion = 10.0.40219.1
Project("{FAE04EC0-301F-11D3-BF4B-00C04F79EFBC}") = "Lab Assignment 1 Automotive Store", "Lab Assignment 1 Automotive Store.csproj", "{42F2FE94-C1AD-4615-9543-80002B2ABF40}"
EndProject
Global
	GlobalSection(SolutionConfigurationPlatforms) = preSolution
		Debug|Any CPU = Debug|Any CPU
		Release|Any CPU = Release|Any CPU
	EndGlobalSection
	GlobalSection(ProjectConfigurationPlatforms) = postSolution
		{42F2FE94-C1AD-4615-9543-80002B2ABF40}.Debug|Any CPU.ActiveCfg = Debug|Any CPU
		{42F2FE94-C1AD-4615-9543-80002B2ABF40}.Debug|Any CPU.Build.0 = Debug|Any CPU
		{42F2FE94-C1AD-4615-9543-80002B2ABF40}.Release|Any CPU.ActiveCfg = Release|Any CPU
		{42F2FE94-C1AD-4615-9543-80002B2ABF40}.Release|Any CPU.Build.0 = Release|Any CPU
	EndGlobalSection
	GlobalSection(SolutionProperties) = preSolution
		HideSolutionNode = FALSE
	EndGlobalSection
	GlobalSection(ExtensibilityGlobals) = postSolution
		SolutionGuid = {34AF05EF-1E17-4C26-9979-D9B3974BF2DD}
	EndGlobalSection
EndGlobal
