
Microsoft Visual Studio Solution File, Format Version 12.00
# Visual Studio 15
VisualStudioVersion = 15.0.28307.960
MinimumVisualStudioVersion = 10.0.40219.1
Project("{FAE04EC0-301F-11D3-BF4B-00C04F79EFBC}") = "AddSix", "AddSix.csproj", "{27091031-58C3-463F-A2AC-23CEAF8F8971}"
EndProject
Global
	GlobalSection(SolutionConfigurationPlatforms) = preSolution
		Debug|Any CPU = Debug|Any CPU
		Release|Any CPU = Release|Any CPU
	EndGlobalSection
	GlobalSection(ProjectConfigurationPlatforms) = postSolution
		{27091031-58C3-463F-A2AC-23CEAF8F8971}.Debug|Any CPU.ActiveCfg = Debug|Any CPU
		{27091031-58C3-463F-A2AC-23CEAF8F8971}.Debug|Any CPU.Build.0 = Debug|Any CPU
		{27091031-58C3-463F-A2AC-23CEAF8F8971}.Release|Any CPU.ActiveCfg = Release|Any CPU
		{27091031-58C3-463F-A2AC-23CEAF8F8971}.Release|Any CPU.Build.0 = Release|Any CPU
	EndGlobalSection
	GlobalSection(SolutionProperties) = preSolution
		HideSolutionNode = FALSE
	EndGlobalSection
	GlobalSection(ExtensibilityGlobals) = postSolution
		SolutionGuid = {C7E0AAB6-523A-4EED-B729-1B64E6E12EB0}
	EndGlobalSection
EndGlobal
